{
  "version": 4,
  "terraform_version": "1.2.4",
  "serial": 145,
  "lineage": "a0c316ab-d004-ea7c-4910-b56eb10e88a8",
  "outputs": {
    "clickhouse-01_local": {
      "value": "192.168.10.34",
      "type": "string"
    },
    "clickhouse_ip": {
      "value": "51.250.7.201",
      "type": "string"
    }
  },
  "resources": [
    {
      "mode": "managed",
      "type": "yandex_compute_instance",
      "name": "vm-1",
      "provider": "provider[\"registry.terraform.io/yandex-cloud/yandex\"]",
      "instances": [
        {
          "schema_version": 1,
          "attributes": {
            "allow_recreate": null,
            "allow_stopping_for_update": null,
            "boot_disk": [
              {
                "auto_delete": true,
                "device_name": "fhmh71pndl4aj3bgkb75",
                "disk_id": "fhmh71pndl4aj3bgkb75",
                "initialize_params": [
                  {
                    "block_size": 4096,
                    "description": "",
                    "image_id": "fd8lbi4hr72am1eb2kmf",
                    "name": "",
                    "size": 30,
                    "snapshot_id": "",
                    "type": "network-ssd"
                  }
                ],
                "mode": "READ_WRITE"
              }
            ],
            "created_at": "2022-10-05T17:50:43Z",
            "description": "",
            "folder_id": "b1goftamkelavkhtqfcd",
            "fqdn": "fhmou3giaukf5p28vf8f.auto.internal",
            "hostname": "fhmou3giaukf5p28vf8f",
            "id": "fhmou3giaukf5p28vf8f",
            "labels": null,
            "metadata": {
              "ssh-keys": "ubuntu:ssh-rsa AAAAB3NzaC1yc2EAAAADAQABAAABgQCnVG0pcCjrdIqcRbrIf0t+wcPh1FsyR3g2Ih7vTWyiP5YD2bJ/ukFMHElaaZmiGgQQ1KgdOLc4k+z3cpCxTbPP/2JKyVY5SUW2myfQshBmDGsOLkwajhSK0YNrnkxQzjQnBgNYQbRBFcvbEGez8mFMgmnGFv8whTQ6Ld0uDshtT/sVFFde1clPaYGnab4d53A49AKe21OlKIGZQhgZTRdSvHOyfyXuip0DPOULaclYlczDQkyHRCzUhogn4EG2NOh+5/2lQXaSlNRJPBcfYBSwgo2sv+bw3W3nkotoYRoW3yfpQu9N7mIkhzN8nzqE5ir/h7Qln+fAhiVu7i58NcKt3/NJTaQ/osYp0GZVYnvX0TaZlDLHKt8zk4ujv5W1N20+JukfVXFA7lQu4q4/KLDkRmKqeI0nbuU+TWixOp5OxT6MeQyrFkDzItZRN9bygaZT58n+m6/HxatOTu4jWU1TbXdlxVX0WV260WU0KgIdGs/dMezy3ldgMtRe/yf5aMM= tim@tim-VirtualBox\n"
            },
            "name": "minikube",
            "network_acceleration_type": "standard",
            "network_interface": [
              {
                "dns_record": [],
                "index": 0,
                "ip_address": "192.168.10.34",
                "ipv4": true,
                "ipv6": false,
                "ipv6_address": "",
                "ipv6_dns_record": [],
                "mac_address": "d0:0d:18:f0:e1:25",
                "nat": true,
                "nat_dns_record": [],
                "nat_ip_address": "51.250.7.201",
                "nat_ip_version": "IPV4",
                "security_group_ids": [],
                "subnet_id": "e9bdvgbqkhlklldaibld"
              }
            ],
            "placement_policy": [
              {
                "host_affinity_rules": [],
                "placement_group_id": ""
              }
            ],
            "platform_id": "standard-v1",
            "resources": [
              {
                "core_fraction": 100,
                "cores": 4,
                "gpus": 0,
                "memory": 4
              }
            ],
            "scheduling_policy": [
              {
                "preemptible": false
              }
            ],
            "secondary_disk": [],
            "service_account_id": "",
            "status": "running",
            "timeouts": null,
            "zone": "ru-central1-a"
          },
          "sensitive_attributes": [],
          "private": "eyJlMmJmYjczMC1lY2FhLTExZTYtOGY4OC0zNDM2M2JjN2M0YzAiOnsiY3JlYXRlIjozMDAwMDAwMDAwMDAsImRlbGV0ZSI6MzAwMDAwMDAwMDAwLCJ1cGRhdGUiOjMwMDAwMDAwMDAwMH0sInNjaGVtYV92ZXJzaW9uIjoiMSJ9",
          "dependencies": [
            "yandex_vpc_network.network-1",
            "yandex_vpc_subnet.subnet-1"
          ]
        }
      ]
    },
    {
      "mode": "managed",
      "type": "yandex_vpc_network",
      "name": "network-1",
      "provider": "provider[\"registry.terraform.io/yandex-cloud/yandex\"]",
      "instances": [
        {
          "schema_version": 0,
          "attributes": {
            "created_at": "2022-10-05T17:50:42Z",
            "default_security_group_id": "",
            "description": "",
            "folder_id": "b1goftamkelavkhtqfcd",
            "id": "enp2droflcokiasqv748",
            "labels": {},
            "name": "network1",
            "subnet_ids": [],
            "timeouts": null
          },
          "sensitive_attributes": [],
          "private": "eyJlMmJmYjczMC1lY2FhLTExZTYtOGY4OC0zNDM2M2JjN2M0YzAiOnsiY3JlYXRlIjo2MDAwMDAwMDAwMCwiZGVsZXRlIjo2MDAwMDAwMDAwMCwidXBkYXRlIjo2MDAwMDAwMDAwMH19"
        }
      ]
    },
    {
      "mode": "managed",
      "type": "yandex_vpc_subnet",
      "name": "subnet-1",
      "provider": "provider[\"registry.terraform.io/yandex-cloud/yandex\"]",
      "instances": [
        {
          "schema_version": 0,
          "attributes": {
            "created_at": "2022-10-05T17:50:43Z",
            "description": "",
            "dhcp_options": [],
            "folder_id": "b1goftamkelavkhtqfcd",
            "id": "e9bdvgbqkhlklldaibld",
            "labels": {},
            "name": "subnet1",
            "network_id": "enp2droflcokiasqv748",
            "route_table_id": "",
            "timeouts": null,
            "v4_cidr_blocks": [
              "192.168.10.0/24"
            ],
            "v6_cidr_blocks": [],
            "zone": "ru-central1-a"
          },
          "sensitive_attributes": [],
          "private": "eyJlMmJmYjczMC1lY2FhLTExZTYtOGY4OC0zNDM2M2JjN2M0YzAiOnsiY3JlYXRlIjoxODAwMDAwMDAwMDAsImRlbGV0ZSI6MTgwMDAwMDAwMDAwLCJ1cGRhdGUiOjE4MDAwMDAwMDAwMH19",
          "dependencies": [
            "yandex_vpc_network.network-1"
          ]
        }
      ]
    }
  ]
}
